# THIS IS AN AUTOGENERATED FILE. DO NOT EDIT THIS FILE DIRECTLY.
# yarn lockfile v1


"@protobufjs/utf8@^1.1.0":
  version "1.1.0"
  resolved "https://registry.yarnpkg.com/@protobufjs/utf8/-/utf8-1.1.0.tgz#a777360b5b39a1a2e5106f8e858f2fd2d060c570"

ansi-styles@^3.2.1:
  version "3.2.1"
  resolved "https://registry.yarnpkg.com/ansi-styles/-/ansi-styles-3.2.1.tgz#41fbb20243e50b12be0f04b8dedbf07520ce841d"
  dependencies:
    color-convert "^1.9.0"

argparse@^1.0.7:
  version "1.0.10"
  resolved "https://registry.yarnpkg.com/argparse/-/argparse-1.0.10.tgz#bcd6791ea5ae09725e17e5ad988134cd40b3d911"
  dependencies:
    sprintf-js "~1.0.2"

arrify@^1.0.0:
  version "1.0.1"
  resolved "https://registry.yarnpkg.com/arrify/-/arrify-1.0.1.tgz#898508da2226f380df904728456849c1501a4b0d"

asn1.js@1.0.3:
  version "1.0.3"
  resolved "https://registry.yarnpkg.com/asn1.js/-/asn1.js-1.0.3.tgz#281ba3ec1f2448fe765f92a4eecf883fe1364b54"
  dependencies:
    inherits "^2.0.1"
    minimalistic-assert "^1.0.0"
  optionalDependencies:
    bn.js "^1.0.0"

asn1.js@^5.0.0:
  version "5.0.1"
  resolved "https://registry.yarnpkg.com/asn1.js/-/asn1.js-5.0.1.tgz#7668b56416953f0ce3421adbb3893ace59c96f59"
  dependencies:
    bn.js "^4.0.0"
    inherits "^2.0.1"
    minimalistic-assert "^1.0.0"

"assemblyscript@https://github.com/AssemblyScript/assemblyscript/":
  version "0.5.0"
  resolved "https://github.com/AssemblyScript/assemblyscript/#82da2d1f6dab93a5729433b07fa994c2d712ba57"
  dependencies:
    "@protobufjs/utf8" "^1.1.0"
    binaryen "48.0.0-nightly.20180627"
    glob "^7.1.2"
    long "^4.0.0"
    minimist "^1.2.0"
    ts-node "^7.0.0"

async@^2.5.0, async@^2.6.0, async@^2.6.1:
  version "2.6.1"
  resolved "https://registry.yarnpkg.com/async/-/async-2.6.1.tgz#b245a23ca71930044ec53fa46aa00a3e87c6a610"
  dependencies:
    lodash "^4.17.10"

balanced-match@^1.0.0:
  version "1.0.0"
  resolved "https://registry.yarnpkg.com/balanced-match/-/balanced-match-1.0.0.tgz#89b4d199ab2bee49de164ea02b89ce462d71b767"

base-x@3.0.4, base-x@^3.0.2:
  version "3.0.4"
  resolved "https://registry.yarnpkg.com/base-x/-/base-x-3.0.4.tgz#94c1788736da065edb1d68808869e357c977fa77"
  dependencies:
    safe-buffer "^5.0.1"

big.js@^5.1.2:
  version "5.1.2"
  resolved "https://registry.yarnpkg.com/big.js/-/big.js-5.1.2.tgz#946c634f3efd9c8dcd98f953e96a5f389dac3fec"

bignumber.js@^6.0.0:
  version "6.0.0"
  resolved "https://registry.yarnpkg.com/bignumber.js/-/bignumber.js-6.0.0.tgz#bbfa047644609a5af093e9cbd83b0461fa3f6002"

binaryen@48.0.0-nightly.20180627:
  version "48.0.0-nightly.20180627"
  resolved "https://registry.yarnpkg.com/binaryen/-/binaryen-48.0.0-nightly.20180627.tgz#605e42c7db752922560d7f2582d5c9dcaa2f4822"

bindings@^1.2.1:
  version "1.3.0"
  resolved "https://registry.yarnpkg.com/bindings/-/bindings-1.3.0.tgz#b346f6ecf6a95f5a815c5839fc7cdb22502f1ed7"

bip66@^1.1.3:
  version "1.1.5"
  resolved "https://registry.yarnpkg.com/bip66/-/bip66-1.1.5.tgz#01fa8748785ca70955d5011217d1b3139969ca22"
  dependencies:
    safe-buffer "^5.0.1"

bl@^1.0.0:
  version "1.2.2"
  resolved "https://registry.yarnpkg.com/bl/-/bl-1.2.2.tgz#a160911717103c07410cef63ef51b397c025af9c"
  dependencies:
    readable-stream "^2.3.5"
    safe-buffer "^5.1.1"

blakejs@^1.1.0:
  version "1.1.0"
  resolved "https://registry.yarnpkg.com/blakejs/-/blakejs-1.1.0.tgz#69df92ef953aa88ca51a32df6ab1c54a155fc7a5"

bn.js@^1.0.0:
  version "1.3.0"
  resolved "https://registry.yarnpkg.com/bn.js/-/bn.js-1.3.0.tgz#0db4cbf96f8f23b742f5bcb9d1aa7a9994a05e83"

bn.js@^4.0.0, bn.js@^4.11.3, bn.js@^4.4.0:
  version "4.11.8"
  resolved "https://registry.yarnpkg.com/bn.js/-/bn.js-4.11.8.tgz#2cde09eb5ee341f484746bb0309b3253b1b1442f"

borc@^2.0.2:
  version "2.0.3"
  resolved "https://registry.yarnpkg.com/borc/-/borc-2.0.3.tgz#08845ea73a6d3211120928ee3929f8dc2de9f52e"
  dependencies:
    bignumber.js "^6.0.0"
    commander "^2.15.0"
    ieee754 "^1.1.8"
    json-text-sequence "^0.1"

brace-expansion@^1.1.7:
  version "1.1.11"
  resolved "https://registry.yarnpkg.com/brace-expansion/-/brace-expansion-1.1.11.tgz#3c7fcbf529d87226f3d2f52b966ff5271eb441dd"
  dependencies:
    balanced-match "^1.0.0"
    concat-map "0.0.1"

brorand@^1.0.1:
  version "1.1.0"
  resolved "https://registry.yarnpkg.com/brorand/-/brorand-1.1.0.tgz#12c25efe40a45e3c323eb8675a0a0ce57b22371f"

browserify-aes@^1.0.6, browserify-aes@^1.1.1, browserify-aes@^1.2.0:
  version "1.2.0"
  resolved "https://registry.yarnpkg.com/browserify-aes/-/browserify-aes-1.2.0.tgz#326734642f403dabc3003209853bb70ad428ef48"
  dependencies:
    buffer-xor "^1.0.3"
    cipher-base "^1.0.0"
    create-hash "^1.1.0"
    evp_bytestokey "^1.0.3"
    inherits "^2.0.1"
    safe-buffer "^5.0.1"

bs58@^4.0.1:
  version "4.0.1"
  resolved "https://registry.yarnpkg.com/bs58/-/bs58-4.0.1.tgz#be161e76c354f6f788ae4071f63f34e8c4f0a42a"
  dependencies:
    base-x "^3.0.2"

buffer-alloc-unsafe@^1.1.0:
  version "1.1.0"
  resolved "https://registry.yarnpkg.com/buffer-alloc-unsafe/-/buffer-alloc-unsafe-1.1.0.tgz#bd7dc26ae2972d0eda253be061dba992349c19f0"

buffer-alloc@^1.1.0:
  version "1.2.0"
  resolved "https://registry.yarnpkg.com/buffer-alloc/-/buffer-alloc-1.2.0.tgz#890dd90d923a873e08e10e5fd51a57e5b7cce0ec"
  dependencies:
    buffer-alloc-unsafe "^1.1.0"
    buffer-fill "^1.0.0"

buffer-fill@^1.0.0:
  version "1.0.0"
  resolved "https://registry.yarnpkg.com/buffer-fill/-/buffer-fill-1.0.0.tgz#f8f78b76789888ef39f205cd637f68e702122b2c"

buffer-from@^1.0.0, buffer-from@^1.1.0:
  version "1.1.0"
  resolved "https://registry.yarnpkg.com/buffer-from/-/buffer-from-1.1.0.tgz#87fcaa3a298358e0ade6e442cfce840740d1ad04"

buffer-loader@~0.0.1:
  version "0.0.1"
  resolved "https://registry.yarnpkg.com/buffer-loader/-/buffer-loader-0.0.1.tgz#4d677ca92dd889310878b02a2fbcfab712024cf2"

buffer-xor@^1.0.3:
  version "1.0.3"
  resolved "https://registry.yarnpkg.com/buffer-xor/-/buffer-xor-1.0.3.tgz#26e61ed1422fb70dd42e6e36729ed51d855fe8d9"

builtin-status-codes@^3.0.0:
  version "3.0.0"
  resolved "https://registry.yarnpkg.com/builtin-status-codes/-/builtin-status-codes-3.0.0.tgz#85982878e21b98e1c66425e03d0174788f569ee8"

chalk@^2.4.1:
  version "2.4.1"
  resolved "https://registry.yarnpkg.com/chalk/-/chalk-2.4.1.tgz#18c49ab16a037b6eb0152cc83e3471338215b66e"
  dependencies:
    ansi-styles "^3.2.1"
    escape-string-regexp "^1.0.5"
    supports-color "^5.3.0"

cids@^0.5.3, cids@~0.5.1, cids@~0.5.2, cids@~0.5.3:
  version "0.5.3"
  resolved "https://registry.yarnpkg.com/cids/-/cids-0.5.3.tgz#9a25b697eb76faf807afcec35c4ab936edfbd0a4"
  dependencies:
    multibase "~0.4.0"
    multicodec "~0.2.6"
    multihashes "~0.4.13"

cipher-base@^1.0.0, cipher-base@^1.0.1, cipher-base@^1.0.3:
  version "1.0.4"
  resolved "https://registry.yarnpkg.com/cipher-base/-/cipher-base-1.0.4.tgz#8760e4ecc272f4c363532f926d874aae2c1397de"
  dependencies:
    inherits "^2.0.1"
    safe-buffer "^5.0.1"

class-is@^1.1.0:
  version "1.1.0"
  resolved "https://registry.yarnpkg.com/class-is/-/class-is-1.1.0.tgz#9d3c0fba0440d211d843cec3dedfa48055005825"

color-convert@^0.5.0:
  version "0.5.3"
  resolved "https://registry.yarnpkg.com/color-convert/-/color-convert-0.5.3.tgz#bdb6c69ce660fadffe0b0007cc447e1b9f7282bd"

color-convert@^1.9.0:
  version "1.9.2"
  resolved "https://registry.yarnpkg.com/color-convert/-/color-convert-1.9.2.tgz#49881b8fba67df12a96bdf3f56c0aab9e7913147"
  dependencies:
    color-name "1.1.1"

color-name@1.1.1:
  version "1.1.1"
  resolved "https://registry.yarnpkg.com/color-name/-/color-name-1.1.1.tgz#4b1415304cf50028ea81643643bd82ea05803689"

color-name@^1.0.0:
  version "1.1.3"
  resolved "https://registry.yarnpkg.com/color-name/-/color-name-1.1.3.tgz#a7d0558bd89c42f795dd42328f740831ca53bc25"

color-string@^0.3.0:
  version "0.3.0"
  resolved "https://registry.yarnpkg.com/color-string/-/color-string-0.3.0.tgz#27d46fb67025c5c2fa25993bfbf579e47841b991"
  dependencies:
    color-name "^1.0.0"

color@0.8.x:
  version "0.8.0"
  resolved "https://registry.yarnpkg.com/color/-/color-0.8.0.tgz#890c07c3fd4e649537638911cf691e5458b6fca5"
  dependencies:
    color-convert "^0.5.0"
    color-string "^0.3.0"

colornames@0.0.2:
  version "0.0.2"
  resolved "https://registry.yarnpkg.com/colornames/-/colornames-0.0.2.tgz#d811fd6c84f59029499a8ac4436202935b92be31"

colors@^1.2.1:
  version "1.3.0"
  resolved "https://registry.yarnpkg.com/colors/-/colors-1.3.0.tgz#5f20c9fef6945cb1134260aab33bfbdc8295e04e"

colorspace@1.0.x:
  version "1.0.1"
  resolved "https://registry.yarnpkg.com/colorspace/-/colorspace-1.0.1.tgz#c99c796ed31128b9876a52e1ee5ee03a4a719749"
  dependencies:
    color "0.8.x"
    text-hex "0.0.x"

commander@^2.15.0, commander@^2.15.1:
  version "2.16.0"
  resolved "https://registry.yarnpkg.com/commander/-/commander-2.16.0.tgz#f16390593996ceb4f3eeb020b31d78528f7f8a50"

concat-map@0.0.1:
  version "0.0.1"
  resolved "https://registry.yarnpkg.com/concat-map/-/concat-map-0.0.1.tgz#d8a96bd77fd68df7793a73036a3ba0d5405d477b"

concat-stream@^1.6.2:
  version "1.6.2"
  resolved "https://registry.yarnpkg.com/concat-stream/-/concat-stream-1.6.2.tgz#904bdf194cd3122fc675c77fc4ac3d4ff0fd1a34"
  dependencies:
    buffer-from "^1.0.0"
    inherits "^2.0.3"
    readable-stream "^2.2.2"
    typedarray "^0.0.6"

core-util-is@~1.0.0:
  version "1.0.2"
  resolved "https://registry.yarnpkg.com/core-util-is/-/core-util-is-1.0.2.tgz#b5fd54220aa2bc5ab57aab7140c940754503c1a7"

create-hash@^1.1.0, create-hash@^1.1.2:
  version "1.2.0"
  resolved "https://registry.yarnpkg.com/create-hash/-/create-hash-1.2.0.tgz#889078af11a63756bcfb59bd221996be3a9ef196"
  dependencies:
    cipher-base "^1.0.1"
    inherits "^2.0.1"
    md5.js "^1.3.4"
    ripemd160 "^2.0.1"
    sha.js "^2.4.0"

create-hmac@^1.1.4:
  version "1.1.7"
  resolved "https://registry.yarnpkg.com/create-hmac/-/create-hmac-1.1.7.tgz#69170c78b3ab957147b2b8b04572e47ead2243ff"
  dependencies:
    cipher-base "^1.0.3"
    create-hash "^1.1.0"
    inherits "^2.0.1"
    ripemd160 "^2.0.0"
    safe-buffer "^5.0.1"
    sha.js "^2.4.8"

debug@^3.1.0:
  version "3.1.0"
  resolved "https://registry.yarnpkg.com/debug/-/debug-3.1.0.tgz#5bb5a0672628b64149566ba16819e61518c67261"
  dependencies:
    ms "2.0.0"

delimit-stream@0.1.0:
  version "0.1.0"
  resolved "https://registry.yarnpkg.com/delimit-stream/-/delimit-stream-0.1.0.tgz#9b8319477c0e5f8aeb3ce357ae305fc25ea1cd2b"

detect-node@^2.0.3:
  version "2.0.3"
  resolved "https://registry.yarnpkg.com/detect-node/-/detect-node-2.0.3.tgz#a2033c09cc8e158d37748fbde7507832bd6ce127"

diagnostics@^1.0.1:
  version "1.1.0"
  resolved "https://registry.yarnpkg.com/diagnostics/-/diagnostics-1.1.0.tgz#e1090900b49523e8527be20f081275205f2ae36a"
  dependencies:
    colorspace "1.0.x"
    enabled "1.0.x"
    kuler "0.0.x"

diff@^3.1.0:
  version "3.5.0"
  resolved "https://registry.yarnpkg.com/diff/-/diff-3.5.0.tgz#800c0dd1e0a8bfbc95835c202ad220fe317e5a12"

drbg.js@^1.0.1:
  version "1.0.1"
  resolved "https://registry.yarnpkg.com/drbg.js/-/drbg.js-1.0.1.tgz#3e36b6c42b37043823cdbc332d58f31e2445480b"
  dependencies:
    browserify-aes "^1.0.6"
    create-hash "^1.1.2"
    create-hmac "^1.1.4"

elliptic@^6.2.3:
  version "6.4.0"
  resolved "https://registry.yarnpkg.com/elliptic/-/elliptic-6.4.0.tgz#cac9af8762c85836187003c8dfe193e5e2eae5df"
  dependencies:
    bn.js "^4.4.0"
    brorand "^1.0.1"
    hash.js "^1.0.0"
    hmac-drbg "^1.0.0"
    inherits "^2.0.1"
    minimalistic-assert "^1.0.0"
    minimalistic-crypto-utils "^1.0.0"

enabled@1.0.x:
  version "1.0.2"
  resolved "https://registry.yarnpkg.com/enabled/-/enabled-1.0.2.tgz#965f6513d2c2d1c5f4652b64a2e3396467fc2f93"
  dependencies:
    env-variable "0.0.x"

end-of-stream@^1.0.0, end-of-stream@^1.1.0:
  version "1.4.1"
  resolved "https://registry.yarnpkg.com/end-of-stream/-/end-of-stream-1.4.1.tgz#ed29634d19baba463b6ce6b80a37213eab71ec43"
  dependencies:
    once "^1.4.0"

env-variable@0.0.x:
  version "0.0.4"
  resolved "https://registry.yarnpkg.com/env-variable/-/env-variable-0.0.4.tgz#0d6280cf507d84242befe35a512b5ae4be77c54e"

escape-string-regexp@^1.0.5:
  version "1.0.5"
  resolved "https://registry.yarnpkg.com/escape-string-regexp/-/escape-string-regexp-1.0.5.tgz#1b61c0562190a8dff6ae3bb2cf0200ca130b86d4"

esprima@^4.0.0:
  version "4.0.0"
  resolved "https://registry.yarnpkg.com/esprima/-/esprima-4.0.0.tgz#4499eddcd1110e0b218bacf2fa7f7f59f55ca804"

evp_bytestokey@^1.0.3:
  version "1.0.3"
  resolved "https://registry.yarnpkg.com/evp_bytestokey/-/evp_bytestokey-1.0.3.tgz#7fcbdb198dc71959432efe13842684e0525acb02"
  dependencies:
    md5.js "^1.3.4"
    safe-buffer "^5.1.1"

fast-safe-stringify@^2.0.4:
  version "2.0.4"
  resolved "https://registry.yarnpkg.com/fast-safe-stringify/-/fast-safe-stringify-2.0.4.tgz#4fe828718aa61dbcf9119c3c24e79cc4dea973b2"

fecha@^2.3.3:
  version "2.3.3"
  resolved "https://registry.yarnpkg.com/fecha/-/fecha-2.3.3.tgz#948e74157df1a32fd1b12c3a3c3cdcb6ec9d96cd"

flatmap@0.0.3:
  version "0.0.3"
  resolved "https://registry.yarnpkg.com/flatmap/-/flatmap-0.0.3.tgz#1f18a4d938152d495965f9c958d923ab2dd669b4"

fs-constants@^1.0.0:
  version "1.0.0"
  resolved "https://registry.yarnpkg.com/fs-constants/-/fs-constants-1.0.0.tgz#6be0de9be998ce16af8afc24497b9ee9b7ccd9ad"

fs-extra@^6.0.1:
  version "6.0.1"
  resolved "https://registry.yarnpkg.com/fs-extra/-/fs-extra-6.0.1.tgz#8abc128f7946e310135ddc93b98bddb410e7a34b"
  dependencies:
    graceful-fs "^4.1.2"
    jsonfile "^4.0.0"
    universalify "^0.1.0"

fs.realpath@^1.0.0:
  version "1.0.0"
  resolved "https://registry.yarnpkg.com/fs.realpath/-/fs.realpath-1.0.0.tgz#1504ad2523158caa40db4a2787cb01411994ea4f"

glob@^7.1.2:
  version "7.1.2"
  resolved "https://registry.yarnpkg.com/glob/-/glob-7.1.2.tgz#c19c9df9a028702d678612384a6552404c636d15"
  dependencies:
    fs.realpath "^1.0.0"
    inflight "^1.0.4"
    inherits "2"
    minimatch "^3.0.4"
    once "^1.3.0"
    path-is-absolute "^1.0.0"

graceful-fs@^4.1.2, graceful-fs@^4.1.6:
  version "4.1.11"
  resolved "https://registry.yarnpkg.com/graceful-fs/-/graceful-fs-4.1.11.tgz#0e8bdfe4d1ddb8854d64e04ea7c00e2a026e5658"

has-flag@^3.0.0:
  version "3.0.0"
  resolved "https://registry.yarnpkg.com/has-flag/-/has-flag-3.0.0.tgz#b5d454dc2199ae225699f3467e5a07f3b955bafd"

hash-base@^3.0.0:
  version "3.0.4"
  resolved "https://registry.yarnpkg.com/hash-base/-/hash-base-3.0.4.tgz#5fc8686847ecd73499403319a6b0a3f3f6ae4918"
  dependencies:
    inherits "^2.0.1"
    safe-buffer "^5.0.1"

hash.js@^1.0.0, hash.js@^1.0.3:
  version "1.1.4"
  resolved "https://registry.yarnpkg.com/hash.js/-/hash.js-1.1.4.tgz#8b50e1f35d51bd01e5ed9ece4dbe3549ccfa0a3c"
  dependencies:
    inherits "^2.0.3"
    minimalistic-assert "^1.0.0"

hmac-drbg@^1.0.0:
  version "1.0.1"
  resolved "https://registry.yarnpkg.com/hmac-drbg/-/hmac-drbg-1.0.1.tgz#d2745701025a6c775a6c545793ed502fc0c649a1"
  dependencies:
    hash.js "^1.0.3"
    minimalistic-assert "^1.0.0"
    minimalistic-crypto-utils "^1.0.1"

ieee754@^1.1.8:
  version "1.1.12"
  resolved "https://registry.yarnpkg.com/ieee754/-/ieee754-1.1.12.tgz#50bf24e5b9c8bb98af4964c941cdb0918da7b60b"

immutable@^3.8.2:
  version "3.8.2"
  resolved "https://registry.yarnpkg.com/immutable/-/immutable-3.8.2.tgz#c2439951455bb39913daf281376f1530e104adf3"

inflight@^1.0.4:
  version "1.0.6"
  resolved "https://registry.yarnpkg.com/inflight/-/inflight-1.0.6.tgz#49bd6331d7d02d0c09bc910a1075ba8165b56df9"
  dependencies:
    once "^1.3.0"
    wrappy "1"

inherits@2, inherits@^2.0.1, inherits@^2.0.3, inherits@~2.0.3:
  version "2.0.3"
  resolved "https://registry.yarnpkg.com/inherits/-/inherits-2.0.3.tgz#633c2c83e3da42a502f52466022480f4208261de"

ip-address@^5.8.9:
  version "5.8.9"
  resolved "https://registry.yarnpkg.com/ip-address/-/ip-address-5.8.9.tgz#6379277c23fc5adb20511e4d23ec2c1bde105dfd"
  dependencies:
    jsbn "1.1.0"
    lodash.find "^4.6.0"
    lodash.max "^4.0.1"
    lodash.merge "^4.6.0"
    lodash.padstart "^4.6.1"
    lodash.repeat "^4.1.0"
    sprintf-js "1.1.0"

ip@^1.1.5:
  version "1.1.5"
  resolved "https://registry.yarnpkg.com/ip/-/ip-1.1.5.tgz#bdded70114290828c0a039e72ef25f5aaec4354a"

ipfs-api@^22.2.1:
  version "22.2.1"
  resolved "https://registry.yarnpkg.com/ipfs-api/-/ipfs-api-22.2.1.tgz#e63274c29728676e7469d7e0977ccdbe6e606122"
  dependencies:
    async "^2.6.1"
    big.js "^5.1.2"
    bs58 "^4.0.1"
    cids "~0.5.3"
    concat-stream "^1.6.2"
    detect-node "^2.0.3"
    flatmap "0.0.3"
    glob "^7.1.2"
    ipfs-block "~0.7.1"
    ipfs-unixfs "~0.1.15"
    ipld-dag-cbor "~0.12.0"
    ipld-dag-pb "~0.14.4"
    is-ipfs "~0.3.2"
    is-pull-stream "0.0.0"
    is-stream "^1.1.0"
    libp2p-crypto "~0.13.0"
    lru-cache "^4.1.3"
    multiaddr "^5.0.0"
    multibase "~0.4.0"
    multihashes "~0.4.13"
    ndjson "^1.5.0"
    once "^1.4.0"
    peer-id "~0.10.7"
    peer-info "~0.14.1"
    promisify-es6 "^1.0.3"
    pull-defer "~0.2.2"
    pull-pushable "^2.2.0"
    pull-stream-to-stream "^1.3.4"
    pump "^3.0.0"
    qs "^6.5.2"
    readable-stream "^2.3.6"
    stream-http "^2.8.3"
    stream-to-pull-stream "^1.7.2"
    streamifier "~0.1.1"
    tar-stream "^1.6.1"

ipfs-block@~0.7.1:
  version "0.7.1"
  resolved "https://registry.yarnpkg.com/ipfs-block/-/ipfs-block-0.7.1.tgz#f506d6159219e19690d3ab863c039cba293d1e40"
  dependencies:
    cids "^0.5.3"
    class-is "^1.1.0"

ipfs-unixfs@~0.1.15:
  version "0.1.15"
  resolved "https://registry.yarnpkg.com/ipfs-unixfs/-/ipfs-unixfs-0.1.15.tgz#c204da10019daa048eea465ce8f9c6f350ecef00"
  dependencies:
    protons "^1.0.0"

ipld-dag-cbor@~0.12.0:
  version "0.12.1"
  resolved "https://registry.yarnpkg.com/ipld-dag-cbor/-/ipld-dag-cbor-0.12.1.tgz#1f88a9e36f2d842566b4767fc1132667a0ac121e"
  dependencies:
    async "^2.6.0"
    borc "^2.0.2"
    bs58 "^4.0.1"
    cids "~0.5.2"
    is-circular "^1.0.1"
    multihashes "~0.4.12"
    multihashing-async "~0.5.1"
    traverse "~0.6.6"

ipld-dag-pb@~0.14.4:
  version "0.14.5"
  resolved "https://registry.yarnpkg.com/ipld-dag-pb/-/ipld-dag-pb-0.14.5.tgz#bec6417401b32a80818190636a08edc0048dccec"
  dependencies:
    async "^2.6.1"
    bs58 "^4.0.1"
    buffer-loader "~0.0.1"
    cids "~0.5.3"
    class-is "^1.1.0"
    is-ipfs "~0.3.2"
    multihashes "~0.4.13"
    multihashing-async "~0.5.1"
    protons "^1.0.1"
    pull-stream "^3.6.8"
    pull-traverse "^1.0.3"
    stable "~0.1.8"

is-circular@^1.0.1:
  version "1.0.2"
  resolved "https://registry.yarnpkg.com/is-circular/-/is-circular-1.0.2.tgz#2e0ab4e9835f4c6b0ea2b9855a84acd501b8366c"

is-ipfs@~0.3.2:
  version "0.3.2"
  resolved "https://registry.yarnpkg.com/is-ipfs/-/is-ipfs-0.3.2.tgz#c4650b838e36fd0151de5896b2ff319fe8936182"
  dependencies:
    bs58 "^4.0.1"
    cids "~0.5.1"
    multihashes "~0.4.9"

is-promise@~1, is-promise@~1.0.0:
  version "1.0.1"
  resolved "https://registry.yarnpkg.com/is-promise/-/is-promise-1.0.1.tgz#31573761c057e33c2e91aab9e96da08cefbe76e5"

is-pull-stream@0.0.0:
  version "0.0.0"
  resolved "https://registry.yarnpkg.com/is-pull-stream/-/is-pull-stream-0.0.0.tgz#a3bc3d1c6d3055151c46bde6f399efed21440ca9"

is-stream@^1.1.0:
  version "1.1.0"
  resolved "https://registry.yarnpkg.com/is-stream/-/is-stream-1.1.0.tgz#12d4a3dd4e68e0b79ceb8dbc84173ae80d91ca44"

isarray@~1.0.0:
  version "1.0.0"
  resolved "https://registry.yarnpkg.com/isarray/-/isarray-1.0.0.tgz#bb935d48582cba168c06834957a54a3e07124f11"

js-sha3@^0.7.0:
  version "0.7.0"
  resolved "https://registry.yarnpkg.com/js-sha3/-/js-sha3-0.7.0.tgz#0a5c57b36f79882573b2d84051f8bb85dd1bd63a"

js-yaml@^3.12.0:
  version "3.12.0"
  resolved "https://registry.yarnpkg.com/js-yaml/-/js-yaml-3.12.0.tgz#eaed656ec8344f10f527c6bfa1b6e2244de167d1"
  dependencies:
    argparse "^1.0.7"
    esprima "^4.0.0"

jsbn@1.1.0:
  version "1.1.0"
  resolved "https://registry.yarnpkg.com/jsbn/-/jsbn-1.1.0.tgz#b01307cb29b618a1ed26ec79e911f803c4da0040"

json-stringify-safe@^5.0.1:
  version "5.0.1"
  resolved "https://registry.yarnpkg.com/json-stringify-safe/-/json-stringify-safe-5.0.1.tgz#1296a2d58fd45f19a0f6ce01d65701e2c735b6eb"

json-text-sequence@^0.1:
  version "0.1.1"
  resolved "https://registry.yarnpkg.com/json-text-sequence/-/json-text-sequence-0.1.1.tgz#a72f217dc4afc4629fff5feb304dc1bd51a2f3d2"
  dependencies:
    delimit-stream "0.1.0"

jsonfile@^4.0.0:
  version "4.0.0"
  resolved "https://registry.yarnpkg.com/jsonfile/-/jsonfile-4.0.0.tgz#8771aae0799b64076b76640fca058f9c10e33ecb"
  optionalDependencies:
    graceful-fs "^4.1.6"

keypair@^1.0.1:
  version "1.0.1"
  resolved "https://registry.yarnpkg.com/keypair/-/keypair-1.0.1.tgz#7603719270afb6564ed38a22087a06fc9aa4ea1b"

kuler@0.0.x:
  version "0.0.0"
  resolved "https://registry.yarnpkg.com/kuler/-/kuler-0.0.0.tgz#b66bb46b934e550f59d818848e0abba4f7f5553c"
  dependencies:
    colornames "0.0.2"

libp2p-crypto-secp256k1@~0.2.2:
  version "0.2.2"
  resolved "https://registry.yarnpkg.com/libp2p-crypto-secp256k1/-/libp2p-crypto-secp256k1-0.2.2.tgz#0dd521f18abc4e36a152e24e9b36307b0ae9cf05"
  dependencies:
    async "^2.5.0"
    multihashing-async "~0.4.6"
    nodeify "^1.0.1"
    safe-buffer "^5.1.1"
    secp256k1 "^3.3.0"

libp2p-crypto@~0.12.1:
  version "0.12.1"
  resolved "https://registry.yarnpkg.com/libp2p-crypto/-/libp2p-crypto-0.12.1.tgz#4a870d269ba3150dfe014e4f9aea1e55076015c8"
  dependencies:
    asn1.js "^5.0.0"
    async "^2.6.0"
    browserify-aes "^1.1.1"
    bs58 "^4.0.1"
    keypair "^1.0.1"
    libp2p-crypto-secp256k1 "~0.2.2"
    multihashing-async "~0.4.7"
    node-forge "^0.7.1"
    pem-jwk "^1.5.1"
    protons "^1.0.1"
    rsa-pem-to-jwk "^1.1.3"
    tweetnacl "^1.0.0"
    webcrypto-shim "github:dignifiedquire/webcrypto-shim#master"

libp2p-crypto@~0.13.0:
  version "0.13.0"
  resolved "https://registry.yarnpkg.com/libp2p-crypto/-/libp2p-crypto-0.13.0.tgz#25404ea43bf2fd3802780d9ab87b5d2095d86f07"
  dependencies:
    asn1.js "^5.0.0"
    async "^2.6.0"
    browserify-aes "^1.2.0"
    bs58 "^4.0.1"
    keypair "^1.0.1"
    libp2p-crypto-secp256k1 "~0.2.2"
    multihashing-async "~0.4.8"
    node-forge "^0.7.5"
    pem-jwk "^1.5.1"
    protons "^1.0.1"
    rsa-pem-to-jwk "^1.1.3"
    tweetnacl "^1.0.0"
    webcrypto-shim "github:dignifiedquire/webcrypto-shim#master"

lodash.filter@^4.6.0:
  version "4.6.0"
  resolved "https://registry.yarnpkg.com/lodash.filter/-/lodash.filter-4.6.0.tgz#668b1d4981603ae1cc5a6fa760143e480b4c4ace"

lodash.find@^4.6.0:
  version "4.6.0"
  resolved "https://registry.yarnpkg.com/lodash.find/-/lodash.find-4.6.0.tgz#cb0704d47ab71789ffa0de8b97dd926fb88b13b1"

lodash.map@^4.6.0:
  version "4.6.0"
  resolved "https://registry.yarnpkg.com/lodash.map/-/lodash.map-4.6.0.tgz#771ec7839e3473d9c4cde28b19394c3562f4f6d3"

lodash.max@^4.0.1:
  version "4.0.1"
  resolved "https://registry.yarnpkg.com/lodash.max/-/lodash.max-4.0.1.tgz#8735566c618b35a9f760520b487ae79658af136a"

lodash.merge@^4.6.0:
  version "4.6.1"
  resolved "https://registry.yarnpkg.com/lodash.merge/-/lodash.merge-4.6.1.tgz#adc25d9cb99b9391c59624f379fbba60d7111d54"

lodash.padstart@^4.6.1:
  version "4.6.1"
  resolved "https://registry.yarnpkg.com/lodash.padstart/-/lodash.padstart-4.6.1.tgz#d2e3eebff0d9d39ad50f5cbd1b52a7bce6bb611b"

lodash.repeat@^4.1.0:
  version "4.1.0"
  resolved "https://registry.yarnpkg.com/lodash.repeat/-/lodash.repeat-4.1.0.tgz#fc7de8131d8c8ac07e4b49f74ffe829d1f2bec44"

lodash.uniqby@^4.7.0:
  version "4.7.0"
  resolved "https://registry.yarnpkg.com/lodash.uniqby/-/lodash.uniqby-4.7.0.tgz#d99c07a669e9e6d24e1362dfe266c67616af1302"

lodash@^4.17.10, lodash@^4.17.5:
  version "4.17.10"
  resolved "https://registry.yarnpkg.com/lodash/-/lodash-4.17.10.tgz#1b7793cf7259ea38fb3661d4d38b3260af8ae4e7"

logform@^1.9.0:
  version "1.9.1"
  resolved "https://registry.yarnpkg.com/logform/-/logform-1.9.1.tgz#58b29d7b11c332456d7a217e17b48a13ad69d60a"
  dependencies:
    colors "^1.2.1"
    fast-safe-stringify "^2.0.4"
    fecha "^2.3.3"
    ms "^2.1.1"
    triple-beam "^1.2.0"

long@^4.0.0:
  version "4.0.0"
  resolved "https://registry.yarnpkg.com/long/-/long-4.0.0.tgz#9a7b71cfb7d361a194ea555241c92f7468d5bf28"

looper@^3.0.0:
  version "3.0.0"
  resolved "https://registry.yarnpkg.com/looper/-/looper-3.0.0.tgz#2efa54c3b1cbaba9b94aee2e5914b0be57fbb749"

lru-cache@^4.1.3:
  version "4.1.3"
  resolved "https://registry.yarnpkg.com/lru-cache/-/lru-cache-4.1.3.tgz#a1175cf3496dfc8436c156c334b4955992bce69c"
  dependencies:
    pseudomap "^1.0.2"
    yallist "^2.1.2"

mafmt@^6.0.0:
  version "6.0.0"
  resolved "https://registry.yarnpkg.com/mafmt/-/mafmt-6.0.0.tgz#ec13f8761253354c23420ae3903c837b6649caa6"
  dependencies:
    multiaddr "^4.0.0"

make-error@^1.1.1:
  version "1.3.4"
  resolved "https://registry.yarnpkg.com/make-error/-/make-error-1.3.4.tgz#19978ed575f9e9545d2ff8c13e33b5d18a67d535"

md5.js@^1.3.4:
  version "1.3.4"
  resolved "https://registry.yarnpkg.com/md5.js/-/md5.js-1.3.4.tgz#e9bdbde94a20a5ac18b04340fc5764d5b09d901d"
  dependencies:
    hash-base "^3.0.0"
    inherits "^2.0.1"

minimalistic-assert@^1.0.0:
  version "1.0.1"
  resolved "https://registry.yarnpkg.com/minimalistic-assert/-/minimalistic-assert-1.0.1.tgz#2e194de044626d4a10e7f7fbc00ce73e83e4d5c7"

minimalistic-crypto-utils@^1.0.0, minimalistic-crypto-utils@^1.0.1:
  version "1.0.1"
  resolved "https://registry.yarnpkg.com/minimalistic-crypto-utils/-/minimalistic-crypto-utils-1.0.1.tgz#f6c00c1c0b082246e5c4d99dfb8c7c083b2b582a"

minimatch@^3.0.4:
  version "3.0.4"
  resolved "https://registry.yarnpkg.com/minimatch/-/minimatch-3.0.4.tgz#5166e286457f03306064be5497e8dbb0c3d32083"
  dependencies:
    brace-expansion "^1.1.7"

minimist@0.0.8:
  version "0.0.8"
  resolved "https://registry.yarnpkg.com/minimist/-/minimist-0.0.8.tgz#857fcabfc3397d2625b8228262e86aa7a011b05d"

minimist@^1.2.0:
  version "1.2.0"
  resolved "https://registry.yarnpkg.com/minimist/-/minimist-1.2.0.tgz#a35008b20f41383eec1fb914f4cd5df79a264284"

mkdirp@^0.5.1:
  version "0.5.1"
  resolved "https://registry.yarnpkg.com/mkdirp/-/mkdirp-0.5.1.tgz#30057438eac6cf7f8c4767f38648d6697d75c903"
  dependencies:
    minimist "0.0.8"

ms@2.0.0:
  version "2.0.0"
  resolved "https://registry.yarnpkg.com/ms/-/ms-2.0.0.tgz#5608aeadfc00be6c2901df5f9861788de0d597c8"

ms@^2.1.1:
  version "2.1.1"
  resolved "https://registry.yarnpkg.com/ms/-/ms-2.1.1.tgz#30a5864eb3ebb0a66f2ebe6d727af06a09d86e0a"

multiaddr@^4.0.0:
  version "4.0.0"
  resolved "https://registry.yarnpkg.com/multiaddr/-/multiaddr-4.0.0.tgz#70a8857c4f737350bc2c56914a70f1263889db33"
  dependencies:
    bs58 "^4.0.1"
    class-is "^1.1.0"
    ip "^1.1.5"
    ip-address "^5.8.9"
    lodash.filter "^4.6.0"
    lodash.map "^4.6.0"
    varint "^5.0.0"
    xtend "^4.0.1"

multiaddr@^5.0.0:
  version "5.0.0"
  resolved "https://registry.yarnpkg.com/multiaddr/-/multiaddr-5.0.0.tgz#c8d7492d8506de470610f6c1adb82af9a69d6748"
  dependencies:
    bs58 "^4.0.1"
    class-is "^1.1.0"
    ip "^1.1.5"
    ip-address "^5.8.9"
    lodash.filter "^4.6.0"
    lodash.map "^4.6.0"
    varint "^5.0.0"
    xtend "^4.0.1"

multibase@~0.4.0:
  version "0.4.0"
  resolved "https://registry.yarnpkg.com/multibase/-/multibase-0.4.0.tgz#1bdb62c82de0114f822a1d8751bcbee91cd2efba"
  dependencies:
    base-x "3.0.4"

multicodec@~0.2.6:
  version "0.2.7"
  resolved "https://registry.yarnpkg.com/multicodec/-/multicodec-0.2.7.tgz#44dcb902b7ccd8065c4c348fe9987acf14a0679d"
  dependencies:
    varint "^5.0.0"

multihashes@~0.4.12, multihashes@~0.4.13, multihashes@~0.4.9:
  version "0.4.13"
  resolved "https://registry.yarnpkg.com/multihashes/-/multihashes-0.4.13.tgz#d10bd71bd51d24aa894e2a6f1457146bb7bac125"
  dependencies:
    bs58 "^4.0.1"
    varint "^5.0.0"

multihashing-async@~0.4.6, multihashing-async@~0.4.7, multihashing-async@~0.4.8:
  version "0.4.8"
  resolved "https://registry.yarnpkg.com/multihashing-async/-/multihashing-async-0.4.8.tgz#41572b25a8fc68eb318b8562409fdd721a727ea1"
  dependencies:
    async "^2.6.0"
    blakejs "^1.1.0"
    js-sha3 "^0.7.0"
    multihashes "~0.4.13"
    murmurhash3js "^3.0.1"
    nodeify "^1.0.1"

multihashing-async@~0.5.1:
  version "0.5.1"
  resolved "https://registry.yarnpkg.com/multihashing-async/-/multihashing-async-0.5.1.tgz#1fc563798f3777b43df0f77a0bf6474192687c0c"
  dependencies:
    async "^2.6.1"
    blakejs "^1.1.0"
    js-sha3 "^0.7.0"
    multihashes "~0.4.13"
    murmurhash3js "^3.0.1"
    nodeify "^1.0.1"

murmurhash3js@^3.0.1:
  version "3.0.1"
  resolved "https://registry.yarnpkg.com/murmurhash3js/-/murmurhash3js-3.0.1.tgz#3e983e5b47c2a06f43a713174e7e435ca044b998"

nan@^2.2.1:
  version "2.10.0"
  resolved "https://registry.yarnpkg.com/nan/-/nan-2.10.0.tgz#96d0cd610ebd58d4b4de9cc0c6828cda99c7548f"

ndjson@^1.5.0:
  version "1.5.0"
  resolved "https://registry.yarnpkg.com/ndjson/-/ndjson-1.5.0.tgz#ae603b36b134bcec347b452422b0bf98d5832ec8"
  dependencies:
    json-stringify-safe "^5.0.1"
    minimist "^1.2.0"
    split2 "^2.1.0"
    through2 "^2.0.3"

node-forge@^0.7.1, node-forge@^0.7.5:
  version "0.7.5"
  resolved "https://registry.yarnpkg.com/node-forge/-/node-forge-0.7.5.tgz#6c152c345ce11c52f465c2abd957e8639cd674df"

nodeify@^1.0.1:
  version "1.0.1"
  resolved "https://registry.yarnpkg.com/nodeify/-/nodeify-1.0.1.tgz#64ab69a7bdbaf03ce107b4f0335c87c0b9e91b1d"
  dependencies:
    is-promise "~1.0.0"
    promise "~1.3.0"

object-assign@^2.0.0:
  version "2.1.1"
  resolved "https://registry.yarnpkg.com/object-assign/-/object-assign-2.1.1.tgz#43c36e5d569ff8e4816c4efa8be02d26967c18aa"

once@^1.3.0, once@^1.3.1, once@^1.4.0:
  version "1.4.0"
  resolved "https://registry.yarnpkg.com/once/-/once-1.4.0.tgz#583b1aa775961d4b113ac17d9c50baef9dd76bd1"
  dependencies:
    wrappy "1"

one-time@0.0.4:
  version "0.0.4"
  resolved "https://registry.yarnpkg.com/one-time/-/one-time-0.0.4.tgz#f8cdf77884826fe4dff93e3a9cc37b1e4480742e"

optimist@~0.3.5:
  version "0.3.7"
  resolved "https://registry.yarnpkg.com/optimist/-/optimist-0.3.7.tgz#c90941ad59e4273328923074d2cf2e7cbc6ec0d9"
  dependencies:
    wordwrap "~0.0.2"

path-is-absolute@^1.0.0:
  version "1.0.1"
  resolved "https://registry.yarnpkg.com/path-is-absolute/-/path-is-absolute-1.0.1.tgz#174b9268735534ffbc7ace6bf53a5a9e1b5c5f5f"

peer-id@~0.10.7:
  version "0.10.7"
  resolved "https://registry.yarnpkg.com/peer-id/-/peer-id-0.10.7.tgz#6c12634636fc90a0e7bc76360c95f73564461fdd"
  dependencies:
    async "^2.6.0"
    libp2p-crypto "~0.12.1"
    lodash "^4.17.5"
    multihashes "~0.4.13"

peer-info@~0.14.1:
  version "0.14.1"
  resolved "https://registry.yarnpkg.com/peer-info/-/peer-info-0.14.1.tgz#ac5aec421e9965f7b0e7576d717941bb25676134"
  dependencies:
    lodash.uniqby "^4.7.0"
    mafmt "^6.0.0"
    multiaddr "^4.0.0"
    peer-id "~0.10.7"

pem-jwk@^1.5.1:
  version "1.5.1"
  resolved "https://registry.yarnpkg.com/pem-jwk/-/pem-jwk-1.5.1.tgz#7a8637fd2f67a827e57c0c42e1c23c3fd52cfb01"
  dependencies:
    asn1.js "1.0.3"

prettier@^1.13.5:
  version "1.13.7"
  resolved "https://registry.yarnpkg.com/prettier/-/prettier-1.13.7.tgz#850f3b8af784a49a6ea2d2eaa7ed1428a34b7281"

process-nextick-args@~2.0.0:
  version "2.0.0"
  resolved "https://registry.yarnpkg.com/process-nextick-args/-/process-nextick-args-2.0.0.tgz#a37d732f4271b4ab1ad070d35508e8290788ffaa"

promise@~1.3.0:
  version "1.3.0"
  resolved "https://registry.yarnpkg.com/promise/-/promise-1.3.0.tgz#e5cc9a4c8278e4664ffedc01c7da84842b040175"
  dependencies:
    is-promise "~1"

promisify-es6@^1.0.3:
  version "1.0.3"
  resolved "https://registry.yarnpkg.com/promisify-es6/-/promisify-es6-1.0.3.tgz#b012668c4df3c965ce13daac2b3a4d1726a96346"

protocol-buffers-schema@^3.3.1:
  version "3.3.2"
  resolved "https://registry.yarnpkg.com/protocol-buffers-schema/-/protocol-buffers-schema-3.3.2.tgz#00434f608b4e8df54c59e070efeefc37fb4bb859"

protons@^1.0.0, protons@^1.0.1:
  version "1.0.1"
  resolved "https://registry.yarnpkg.com/protons/-/protons-1.0.1.tgz#1c107144c07fc2d1cb8b6cb76451e6a938237676"
  dependencies:
    protocol-buffers-schema "^3.3.1"
    safe-buffer "^5.1.1"
    signed-varint "^2.0.1"
    varint "^5.0.0"

pseudomap@^1.0.2:
  version "1.0.2"
  resolved "https://registry.yarnpkg.com/pseudomap/-/pseudomap-1.0.2.tgz#f052a28da70e618917ef0a8ac34c1ae5a68286b3"

pull-defer@~0.2.2:
  version "0.2.2"
  resolved "https://registry.yarnpkg.com/pull-defer/-/pull-defer-0.2.2.tgz#0887b0ffb30af32a56dbecfa72c1672271f07b13"

pull-pushable@^2.2.0:
  version "2.2.0"
  resolved "https://registry.yarnpkg.com/pull-pushable/-/pull-pushable-2.2.0.tgz#5f2f3aed47ad86919f01b12a2e99d6f1bd776581"

pull-stream-to-stream@^1.3.4:
  version "1.3.4"
  resolved "https://registry.yarnpkg.com/pull-stream-to-stream/-/pull-stream-to-stream-1.3.4.tgz#3f81d8216bd18d2bfd1a198190471180e2738399"

pull-stream@^3.2.3, pull-stream@^3.6.8:
  version "3.6.8"
  resolved "https://registry.yarnpkg.com/pull-stream/-/pull-stream-3.6.8.tgz#d63dee1c55ff2023fd380f724c387e931b752413"

pull-traverse@^1.0.3:
  version "1.0.3"
  resolved "https://registry.yarnpkg.com/pull-traverse/-/pull-traverse-1.0.3.tgz#74fb5d7be7fa6bd7a78e97933e199b7945866938"

pump@^3.0.0:
  version "3.0.0"
  resolved "https://registry.yarnpkg.com/pump/-/pump-3.0.0.tgz#b4a2116815bde2f4e1ea602354e8c75565107a64"
  dependencies:
    end-of-stream "^1.1.0"
    once "^1.3.1"

qs@^6.5.2:
  version "6.5.2"
  resolved "https://registry.yarnpkg.com/qs/-/qs-6.5.2.tgz#cb3ae806e8740444584ef154ce8ee98d403f3e36"

readable-stream@^2.1.5, readable-stream@^2.2.2, readable-stream@^2.3.0, readable-stream@^2.3.5, readable-stream@^2.3.6:
  version "2.3.6"
  resolved "https://registry.yarnpkg.com/readable-stream/-/readable-stream-2.3.6.tgz#b11c27d88b8ff1fbe070643cf94b0c79ae1b0aaf"
  dependencies:
    core-util-is "~1.0.0"
    inherits "~2.0.3"
    isarray "~1.0.0"
    process-nextick-args "~2.0.0"
    safe-buffer "~5.1.1"
    string_decoder "~1.1.1"
    util-deprecate "~1.0.1"

ripemd160@^2.0.0, ripemd160@^2.0.1:
  version "2.0.2"
  resolved "https://registry.yarnpkg.com/ripemd160/-/ripemd160-2.0.2.tgz#a1c1a6f624751577ba5d07914cbc92850585890c"
  dependencies:
    hash-base "^3.0.0"
    inherits "^2.0.1"

rsa-pem-to-jwk@^1.1.3:
  version "1.1.3"
  resolved "https://registry.yarnpkg.com/rsa-pem-to-jwk/-/rsa-pem-to-jwk-1.1.3.tgz#245e76bdb7e7234cfee7ca032d31b54c38fab98e"
  dependencies:
    object-assign "^2.0.0"
    rsa-unpack "0.0.6"

rsa-unpack@0.0.6:
  version "0.0.6"
  resolved "https://registry.yarnpkg.com/rsa-unpack/-/rsa-unpack-0.0.6.tgz#f50ebd56a628378e631f297161026ce9ab4eddba"
  dependencies:
    optimist "~0.3.5"

safe-buffer@^5.0.1, safe-buffer@^5.1.0, safe-buffer@^5.1.1, safe-buffer@~5.1.0, safe-buffer@~5.1.1:
  version "5.1.2"
  resolved "https://registry.yarnpkg.com/safe-buffer/-/safe-buffer-5.1.2.tgz#991ec69d296e0313747d59bdfd2b745c35f8828d"

secp256k1@^3.3.0:
  version "3.5.0"
  resolved "https://registry.yarnpkg.com/secp256k1/-/secp256k1-3.5.0.tgz#677d3b8a8e04e1a5fa381a1ae437c54207b738d0"
  dependencies:
    bindings "^1.2.1"
    bip66 "^1.1.3"
    bn.js "^4.11.3"
    create-hash "^1.1.2"
    drbg.js "^1.0.1"
    elliptic "^6.2.3"
    nan "^2.2.1"
    safe-buffer "^5.1.0"

sha.js@^2.4.0, sha.js@^2.4.8:
  version "2.4.11"
  resolved "https://registry.yarnpkg.com/sha.js/-/sha.js-2.4.11.tgz#37a5cf0b81ecbc6943de109ba2960d1b26584ae7"
  dependencies:
    inherits "^2.0.1"
    safe-buffer "^5.0.1"

signed-varint@^2.0.1:
  version "2.0.1"
  resolved "https://registry.yarnpkg.com/signed-varint/-/signed-varint-2.0.1.tgz#50a9989da7c98c2c61dad119bc97470ef8528129"
  dependencies:
    varint "~5.0.0"

source-map-support@^0.5.6:
  version "0.5.6"
  resolved "https://registry.yarnpkg.com/source-map-support/-/source-map-support-0.5.6.tgz#4435cee46b1aab62b8e8610ce60f788091c51c13"
  dependencies:
    buffer-from "^1.0.0"
    source-map "^0.6.0"

source-map@^0.6.0:
  version "0.6.1"
  resolved "https://registry.yarnpkg.com/source-map/-/source-map-0.6.1.tgz#74722af32e9614e9c287a8d0bbde48b5e2f1a263"

split2@^2.1.0:
  version "2.2.0"
  resolved "https://registry.yarnpkg.com/split2/-/split2-2.2.0.tgz#186b2575bcf83e85b7d18465756238ee4ee42493"
  dependencies:
    through2 "^2.0.2"

sprintf-js@1.1.0:
  version "1.1.0"
  resolved "https://registry.yarnpkg.com/sprintf-js/-/sprintf-js-1.1.0.tgz#cffcaf702daf65ea39bb4e0fa2b299cec1a1be46"

sprintf-js@~1.0.2:
  version "1.0.3"
  resolved "https://registry.yarnpkg.com/sprintf-js/-/sprintf-js-1.0.3.tgz#04e6926f662895354f3dd015203633b857297e2c"

stable@~0.1.8:
  version "0.1.8"
  resolved "https://registry.yarnpkg.com/stable/-/stable-0.1.8.tgz#836eb3c8382fe2936feaf544631017ce7d47a3cf"

stack-trace@0.0.x:
  version "0.0.10"
  resolved "https://registry.yarnpkg.com/stack-trace/-/stack-trace-0.0.10.tgz#547c70b347e8d32b4e108ea1a2a159e5fdde19c0"

stream-http@^2.8.3:
  version "2.8.3"
  resolved "https://registry.yarnpkg.com/stream-http/-/stream-http-2.8.3.tgz#b2d242469288a5a27ec4fe8933acf623de6514fc"
  dependencies:
    builtin-status-codes "^3.0.0"
    inherits "^2.0.1"
    readable-stream "^2.3.6"
    to-arraybuffer "^1.0.0"
    xtend "^4.0.0"

stream-to-pull-stream@^1.7.2:
  version "1.7.2"
  resolved "https://registry.yarnpkg.com/stream-to-pull-stream/-/stream-to-pull-stream-1.7.2.tgz#757609ae1cebd33c7432d4afbe31ff78650b9dde"
  dependencies:
    looper "^3.0.0"
    pull-stream "^3.2.3"

streamifier@~0.1.1:
  version "0.1.1"
  resolved "https://registry.yarnpkg.com/streamifier/-/streamifier-0.1.1.tgz#97e98d8fa4d105d62a2691d1dc07e820db8dfc4f"

string_decoder@~1.1.1:
  version "1.1.1"
  resolved "https://registry.yarnpkg.com/string_decoder/-/string_decoder-1.1.1.tgz#9cf1611ba62685d7030ae9e4ba34149c3af03fc8"
  dependencies:
    safe-buffer "~5.1.0"

supports-color@^5.3.0:
  version "5.4.0"
  resolved "https://registry.yarnpkg.com/supports-color/-/supports-color-5.4.0.tgz#1c6b337402c2137605efe19f10fec390f6faab54"
  dependencies:
    has-flag "^3.0.0"

tar-stream@^1.6.1:
  version "1.6.1"
  resolved "https://registry.yarnpkg.com/tar-stream/-/tar-stream-1.6.1.tgz#f84ef1696269d6223ca48f6e1eeede3f7e81f395"
  dependencies:
    bl "^1.0.0"
    buffer-alloc "^1.1.0"
    end-of-stream "^1.0.0"
    fs-constants "^1.0.0"
    readable-stream "^2.3.0"
    to-buffer "^1.1.0"
    xtend "^4.0.0"

text-hex@0.0.x:
  version "0.0.0"
  resolved "https://registry.yarnpkg.com/text-hex/-/text-hex-0.0.0.tgz#578fbc85a6a92636e42dd17b41d0218cce9eb2b3"

through2@^2.0.2, through2@^2.0.3:
  version "2.0.3"
  resolved "https://registry.yarnpkg.com/through2/-/through2-2.0.3.tgz#0004569b37c7c74ba39c43f3ced78d1ad94140be"
  dependencies:
    readable-stream "^2.1.5"
    xtend "~4.0.1"

to-arraybuffer@^1.0.0:
  version "1.0.1"
  resolved "https://registry.yarnpkg.com/to-arraybuffer/-/to-arraybuffer-1.0.1.tgz#7d229b1fcc637e466ca081180836a7aabff83f43"

to-buffer@^1.1.0:
  version "1.1.1"
  resolved "https://registry.yarnpkg.com/to-buffer/-/to-buffer-1.1.1.tgz#493bd48f62d7c43fcded313a03dcadb2e1213a80"

traverse@~0.6.6:
  version "0.6.6"
  resolved "https://registry.yarnpkg.com/traverse/-/traverse-0.6.6.tgz#cbdf560fd7b9af632502fed40f918c157ea97137"

triple-beam@^1.2.0, triple-beam@^1.3.0:
  version "1.3.0"
  resolved "https://registry.yarnpkg.com/triple-beam/-/triple-beam-1.3.0.tgz#a595214c7298db8339eeeee083e4d10bd8cb8dd9"

ts-node@^7.0.0:
  version "7.0.0"
  resolved "https://registry.yarnpkg.com/ts-node/-/ts-node-7.0.0.tgz#a94a13c75e5e1aa6b82814b84c68deb339ba7bff"
  dependencies:
    arrify "^1.0.0"
    buffer-from "^1.1.0"
    diff "^3.1.0"
    make-error "^1.1.1"
    minimist "^1.2.0"
    mkdirp "^0.5.1"
    source-map-support "^0.5.6"
    yn "^2.0.0"

tweetnacl@^1.0.0:
  version "1.0.0"
  resolved "https://registry.yarnpkg.com/tweetnacl/-/tweetnacl-1.0.0.tgz#713d8b818da42068740bf68386d0479e66fc8a7b"

typedarray@^0.0.6:
  version "0.0.6"
  resolved "https://registry.yarnpkg.com/typedarray/-/typedarray-0.0.6.tgz#867ac74e3864187b1d3d47d996a78ec5c8830777"

universalify@^0.1.0:
  version "0.1.1"
  resolved "https://registry.yarnpkg.com/universalify/-/universalify-0.1.1.tgz#fa71badd4437af4c148841e3b3b165f9e9e590b7"

util-deprecate@~1.0.1:
  version "1.0.2"
  resolved "https://registry.yarnpkg.com/util-deprecate/-/util-deprecate-1.0.2.tgz#450d4dc9fa70de732762fbd2d4a28981419a0ccf"

varint@^5.0.0, varint@~5.0.0:
  version "5.0.0"
  resolved "https://registry.yarnpkg.com/varint/-/varint-5.0.0.tgz#d826b89f7490732fabc0c0ed693ed475dcb29ebf"

"webcrypto-shim@github:dignifiedquire/webcrypto-shim#master":
  version "0.1.1"
  resolved "https://codeload.github.com/dignifiedquire/webcrypto-shim/tar.gz/190bc9ec341375df6025b17ae12ddb2428ea49c8"

winston-transport@^4.2.0:
  version "4.2.0"
  resolved "https://registry.yarnpkg.com/winston-transport/-/winston-transport-4.2.0.tgz#a20be89edf2ea2ca39ba25f3e50344d73e6520e5"
  dependencies:
    readable-stream "^2.3.6"
    triple-beam "^1.2.0"

winston@^3.0.0:
  version "3.0.0"
  resolved "https://registry.yarnpkg.com/winston/-/winston-3.0.0.tgz#1f0b24a96586798bcf0cd149fb07ed47cb01a1b2"
  dependencies:
    async "^2.6.0"
    diagnostics "^1.0.1"
    is-stream "^1.1.0"
    logform "^1.9.0"
    one-time "0.0.4"
    readable-stream "^2.3.6"
    stack-trace "0.0.x"
    triple-beam "^1.3.0"
    winston-transport "^4.2.0"

wordwrap@~0.0.2:
  version "0.0.3"
  resolved "https://registry.yarnpkg.com/wordwrap/-/wordwrap-0.0.3.tgz#a3d5da6cd5c0bc0008d37234bbaf1bed63059107"

wrappy@1:
  version "1.0.2"
  resolved "https://registry.yarnpkg.com/wrappy/-/wrappy-1.0.2.tgz#b5243d8f3ec1aa35f1364605bc0d1036e30ab69f"

xtend@^4.0.0, xtend@^4.0.1, xtend@~4.0.1:
  version "4.0.1"
  resolved "https://registry.yarnpkg.com/xtend/-/xtend-4.0.1.tgz#a5c6d532be656e23db820efb943a1f04998d63af"

yallist@^2.1.2:
  version "2.1.2"
  resolved "https://registry.yarnpkg.com/yallist/-/yallist-2.1.2.tgz#1c11f9218f076089a47dd512f93c6699a6a81d52"

yn@^2.0.0:
  version "2.0.0"
  resolved "https://registry.yarnpkg.com/yn/-/yn-2.0.0.tgz#e5adabc8acf408f6385fc76495684c88e6af689a"
