# THIS IS AN AUTOGENERATED FILE. DO NOT EDIT THIS FILE DIRECTLY.
# yarn lockfile v1


"@graphprotocol/graph-ts@0.26.0":
  version "0.26.0"
  resolved "https://registry.yarnpkg.com/@graphprotocol/graph-ts/-/graph-ts-0.26.0.tgz#576f995531eebaca4374901aeaff499219e382e8"
  integrity sha512-GW/emOJl+35MXgmIxTnUK7dJtPCaB9u5aAwoLVqJ8swogC794O92UrXMVrAJsherUriu+yI9bLMGmNPOIi60jw==
  dependencies:
    assemblyscript "0.19.10"

assemblyscript@0.19.10:
  version "0.19.10"
  resolved "https://registry.yarnpkg.com/assemblyscript/-/assemblyscript-0.19.10.tgz#7ede6d99c797a219beb4fa4614c3eab9e6343c8e"
  integrity sha512-HavcUBXB3mBTRGJcpvaQjmnmaqKHBGREjSPNsIvnAk2f9dj78y4BkMaSSdvBQYWcDDzsHQjyUC8stICFkD1Odg==
  dependencies:
    binaryen "101.0.0-nightly.20210723"
    long "^4.0.0"

binaryen@101.0.0-nightly.20210723:
  version "101.0.0-nightly.20210723"
  resolved "https://registry.yarnpkg.com/binaryen/-/binaryen-101.0.0-nightly.20210723.tgz#b6bb7f3501341727681a03866c0856500eec3740"
  integrity sha512-eioJNqhHlkguVSbblHOtLqlhtC882SOEPKmNFZaDuz1hzQjolxZ+eu3/kaS10n3sGPONsIZsO7R9fR00UyhEUA==

long@^4.0.0:
  version "4.0.0"
  resolved "https://registry.yarnpkg.com/long/-/long-4.0.0.tgz#9a7b71cfb7d361a194ea555241c92f7468d5bf28"
  integrity sha512-XsP+KhQif4bjX1kbuSiySJFNAehNxgLb6hPRGJ9QsUr8ajHkuXGdrHmFUTUUXhDwVX2R5bY4JNZEwbUiMhV+MA==
